
Microsoft Visual Studio Solution File, Format Version 12.00
# Visual Studio Version 17
VisualStudioVersion = 17.8.34511.84
MinimumVisualStudioVersion = 10.0.40219.1
Project("{FAE04EC0-301F-11D3-BF4B-00C04F79EFBC}") = "TaskManager", "TaskManager\TaskManager.csproj", "{0529C73F-6C23-42CC-9011-3D4C7891CAC7}"
EndProject
Global
	GlobalSection(SolutionConfigurationPlatforms) = preSolution
		Debug|Any CPU = Debug|Any CPU
		Release|Any CPU = Release|Any CPU
	EndGlobalSection
	GlobalSection(ProjectConfigurationPlatforms) = postSolution
		{0529C73F-6C23-42CC-9011-3D4C7891CAC7}.Debug|Any CPU.ActiveCfg = Debug|Any CPU
		{0529C73F-6C23-42CC-9011-3D4C7891CAC7}.Debug|Any CPU.Build.0 = Debug|Any CPU
		{0529C73F-6C23-42CC-9011-3D4C7891CAC7}.Release|Any CPU.ActiveCfg = Release|Any CPU
		{0529C73F-6C23-42CC-9011-3D4C7891CAC7}.Release|Any CPU.Build.0 = Release|Any CPU
	EndGlobalSection
	GlobalSection(SolutionProperties) = preSolution
		HideSolutionNode = FALSE
	EndGlobalSection
	GlobalSection(ExtensibilityGlobals) = postSolution
		SolutionGuid = {FFBADEE6-4CDB-4001-943D-5DF14408C691}
	EndGlobalSection
EndGlobal
